// !$*UTF8*$!
{
	archiveVersion = 1;
	classes = {
	};
	objectVersion = 51;
	objects = {

/* Begin PBXBuildFile section */
		58E5E7661A8617D4C09AAC96 /* Pods_FandomLive.framework in Frameworks */ = {isa = PBXBuildFile; fileRef = AF253BAEABA7A99A0D3692F1 /* Pods_FandomLive.framework */; };
		B50A0895235500E6005F0B4B /* DictionaryDecoder.swift in Sources */ = {isa = PBXBuildFile; fileRef = B50A0890235500E6005F0B4B /* DictionaryDecoder.swift */; };
		B50A0896235500E6005F0B4B /* UserDefaults+Codable.swift in Sources */ = {isa = PBXBuildFile; fileRef = B50A0891235500E6005F0B4B /* UserDefaults+Codable.swift */; };
		B50A0897235500E6005F0B4B /* NSUbiquitousKeyValueStore+Codable.swift in Sources */ = {isa = PBXBuildFile; fileRef = B50A0892235500E6005F0B4B /* NSUbiquitousKeyValueStore+Codable.swift */; };
		B50A0898235500E6005F0B4B /* DictionaryEncoder.swift in Sources */ = {isa = PBXBuildFile; fileRef = B50A0894235500E6005F0B4B /* DictionaryEncoder.swift */; };
		B5120EA2236D8C23009A532F /* FollowedCollectionViewCell.swift in Sources */ = {isa = PBXBuildFile; fileRef = B5120EA0236D8C22009A532F /* FollowedCollectionViewCell.swift */; };
		B5120EA3236D8C23009A532F /* FollowedCollectionViewCell.xib in Resources */ = {isa = PBXBuildFile; fileRef = B5120EA1236D8C22009A532F /* FollowedCollectionViewCell.xib */; };
		B5120EA7236DB3E2009A532F /* FLMyVotingModel.swift in Sources */ = {isa = PBXBuildFile; fileRef = B5120EA6236DB3E2009A532F /* FLMyVotingModel.swift */; };
		B5120EA9236DC8E7009A532F /* FLMyFavoritesModel.swift in Sources */ = {isa = PBXBuildFile; fileRef = B5120EA8236DC8E7009A532F /* FLMyFavoritesModel.swift */; };
		B5180211235797890029E6C1 /* RepositoryManager.swift in Sources */ = {isa = PBXBuildFile; fileRef = B5180210235797890029E6C1 /* RepositoryManager.swift */; };
		B51D6F49234A07670019F874 /* SRTabBarController.swift in Sources */ = {isa = PBXBuildFile; fileRef = B51D6F48234A07670019F874 /* SRTabBarController.swift */; };
		B51D6F4B234A0CDF0019F874 /* KnockKnockViewController.swift in Sources */ = {isa = PBXBuildFile; fileRef = B51D6F4A234A0CDF0019F874 /* KnockKnockViewController.swift */; };
		B51D6F4F234A13D50019F874 /* SRLaunchpadViewController.swift in Sources */ = {isa = PBXBuildFile; fileRef = B51D6F4E234A13D50019F874 /* SRLaunchpadViewController.swift */; };
		B51D6F52234A16A00019F874 /* CampaignsViewController.swift in Sources */ = {isa = PBXBuildFile; fileRef = B51D6F51234A16A00019F874 /* CampaignsViewController.swift */; };
		B51D6F58234A1A140019F874 /* MyAccountViewController.swift in Sources */ = {isa = PBXBuildFile; fileRef = B51D6F57234A1A140019F874 /* MyAccountViewController.swift */; };
		B51D6F5A234A35DD0019F874 /* UINavigationBar+Transparent.swift in Sources */ = {isa = PBXBuildFile; fileRef = B51D6F59234A35DD0019F874 /* UINavigationBar+Transparent.swift */; };
		B51D6F5C234A38EF0019F874 /* KeyboardExtension.swift in Sources */ = {isa = PBXBuildFile; fileRef = B51D6F5B234A38EE0019F874 /* KeyboardExtension.swift */; };
		B51EBC6D23464E3600B8015A /* GoogleService-Info.plist in Resources */ = {isa = PBXBuildFile; fileRef = B51EBC6C23464E3600B8015A /* GoogleService-Info.plist */; };
		B520D1D62343A45F00D8FD67 /* AppDelegate.swift in Sources */ = {isa = PBXBuildFile; fileRef = B520D1D52343A45F00D8FD67 /* AppDelegate.swift */; };
		B520D1DD2343A45F00D8FD67 /* Main.storyboard in Resources */ = {isa = PBXBuildFile; fileRef = B520D1DB2343A45F00D8FD67 /* Main.storyboard */; };
		B520D1DF2343A46000D8FD67 /* Assets.xcassets in Resources */ = {isa = PBXBuildFile; fileRef = B520D1DE2343A46000D8FD67 /* Assets.xcassets */; };
		B520D1E22343A46000D8FD67 /* LaunchScreen.storyboard in Resources */ = {isa = PBXBuildFile; fileRef = B520D1E02343A46000D8FD67 /* LaunchScreen.storyboard */; };
		B520D1F72343A8E900D8FD67 /* DashboardViewController.swift in Sources */ = {isa = PBXBuildFile; fileRef = B520D1F62343A8E900D8FD67 /* DashboardViewController.swift */; };
		B520D1F92343A90B00D8FD67 /* SRApplicationStates.swift in Sources */ = {isa = PBXBuildFile; fileRef = B520D1F82343A90B00D8FD67 /* SRApplicationStates.swift */; };
		B520D1FB2343A92B00D8FD67 /* SRDataManager.swift in Sources */ = {isa = PBXBuildFile; fileRef = B520D1FA2343A92B00D8FD67 /* SRDataManager.swift */; };
		B520D1FD2343A94000D8FD67 /* SRGlobalShared.swift in Sources */ = {isa = PBXBuildFile; fileRef = B520D1FC2343A94000D8FD67 /* SRGlobalShared.swift */; };
		B520D1FF2343A95100D8FD67 /* SRUtilities.swift in Sources */ = {isa = PBXBuildFile; fileRef = B520D1FE2343A95100D8FD67 /* SRUtilities.swift */; };
		B520D2022343B4AD00D8FD67 /* Approtocols.swift in Sources */ = {isa = PBXBuildFile; fileRef = B520D2012343B4AD00D8FD67 /* Approtocols.swift */; };
		B520D20B2343DE6300D8FD67 /* User.swift in Sources */ = {isa = PBXBuildFile; fileRef = B520D20A2343DE6300D8FD67 /* User.swift */; };
		B520D2112343E45E00D8FD67 /* FacebookProvider.swift in Sources */ = {isa = PBXBuildFile; fileRef = B520D20F2343E45E00D8FD67 /* FacebookProvider.swift */; };
		B520D2122343E45E00D8FD67 /* GoogleProvider.swift in Sources */ = {isa = PBXBuildFile; fileRef = B520D2102343E45E00D8FD67 /* GoogleProvider.swift */; };
		B520D2142343E8F700D8FD67 /* EmailLoginProvider.swift in Sources */ = {isa = PBXBuildFile; fileRef = B520D2132343E8F700D8FD67 /* EmailLoginProvider.swift */; };
		B520D2162343E99900D8FD67 /* SRLoginProvider.swift in Sources */ = {isa = PBXBuildFile; fileRef = B520D2152343E99900D8FD67 /* SRLoginProvider.swift */; };
		B522C81A235C880B008157B2 /* FabdomEventTimer.swift in Sources */ = {isa = PBXBuildFile; fileRef = B522C819235C880B008157B2 /* FabdomEventTimer.swift */; };
		B525B56B2344959D001C8B67 /* SRNetworkManager.swift in Sources */ = {isa = PBXBuildFile; fileRef = B525B56A2344959D001C8B67 /* SRNetworkManager.swift */; };
		B525B5762344B56F001C8B67 /* Bundle.swift in Sources */ = {isa = PBXBuildFile; fileRef = B525B5742344B56F001C8B67 /* Bundle.swift */; };
		B525B57C2344B938001C8B67 /* AppAppearance.swift in Sources */ = {isa = PBXBuildFile; fileRef = B525B57B2344B938001C8B67 /* AppAppearance.swift */; };
		B525B57E2344B98C001C8B67 /* Errors.swift in Sources */ = {isa = PBXBuildFile; fileRef = B525B57D2344B98C001C8B67 /* Errors.swift */; };
		B525B5802344BA9F001C8B67 /* UIRelevance.swift in Sources */ = {isa = PBXBuildFile; fileRef = B525B57F2344BA9F001C8B67 /* UIRelevance.swift */; };
		B525B5822344BAB0001C8B67 /* UIView_designable.swift in Sources */ = {isa = PBXBuildFile; fileRef = B525B5812344BAB0001C8B67 /* UIView_designable.swift */; };
		B525B5842344BAC1001C8B67 /* UIViewController+Additions.swift in Sources */ = {isa = PBXBuildFile; fileRef = B525B5832344BAC1001C8B67 /* UIViewController+Additions.swift */; };
		B525B5862344BF37001C8B67 /* UIViewHelper.swift in Sources */ = {isa = PBXBuildFile; fileRef = B525B5852344BF37001C8B67 /* UIViewHelper.swift */; };
		B525B5892344C60C001C8B67 /* Validators.swift in Sources */ = {isa = PBXBuildFile; fileRef = B525B5882344C60C001C8B67 /* Validators.swift */; };
		B532A68323733FC000CC1D02 /* ArtistCollectionViewCell.xib in Resources */ = {isa = PBXBuildFile; fileRef = B532A67F23733FC000CC1D02 /* ArtistCollectionViewCell.xib */; };
		B532A68623733FC000CC1D02 /* ArtistCollectionViewCell.swift in Sources */ = {isa = PBXBuildFile; fileRef = B532A68223733FC000CC1D02 /* ArtistCollectionViewCell.swift */; };
		B532A68C237350A800CC1D02 /* TeamsCollectionViewCell.xib in Resources */ = {isa = PBXBuildFile; fileRef = B532A68B237350A800CC1D02 /* TeamsCollectionViewCell.xib */; };
		B532A68E237350C400CC1D02 /* TeamsCollectionViewCell.swift in Sources */ = {isa = PBXBuildFile; fileRef = B532A68D237350C400CC1D02 /* TeamsCollectionViewCell.swift */; };
		B532A6912373564500CC1D02 /* SearchHeaderReusableView.swift in Sources */ = {isa = PBXBuildFile; fileRef = B532A68F2373564500CC1D02 /* SearchHeaderReusableView.swift */; };
		B532A6922373564500CC1D02 /* SearchHeaderReusableView.xib in Resources */ = {isa = PBXBuildFile; fileRef = B532A6902373564500CC1D02 /* SearchHeaderReusableView.xib */; };
		B53A3E90234E551700F27102 /* BannersTableViewCell.swift in Sources */ = {isa = PBXBuildFile; fileRef = B53A3E8E234E551700F27102 /* BannersTableViewCell.swift */; };
		B53A3E91234E551700F27102 /* BannersTableViewCell.xib in Resources */ = {isa = PBXBuildFile; fileRef = B53A3E8F234E551700F27102 /* BannersTableViewCell.xib */; };
		B53A3E94234E553200F27102 /* TrendingEventsTableViewCell.swift in Sources */ = {isa = PBXBuildFile; fileRef = B53A3E92234E553200F27102 /* TrendingEventsTableViewCell.swift */; };
		B53A3E95234E553200F27102 /* TrendingEventsTableViewCell.xib in Resources */ = {isa = PBXBuildFile; fileRef = B53A3E93234E553200F27102 /* TrendingEventsTableViewCell.xib */; };
		B53A3E98234E554600F27102 /* LatestNewsTableViewCell.swift in Sources */ = {isa = PBXBuildFile; fileRef = B53A3E96234E554600F27102 /* LatestNewsTableViewCell.swift */; };
		B53A3E99234E554600F27102 /* LatestNewsTableViewCell.xib in Resources */ = {isa = PBXBuildFile; fileRef = B53A3E97234E554600F27102 /* LatestNewsTableViewCell.xib */; };
		B53A3EA1234E680400F27102 /* UITableView.swift in Sources */ = {isa = PBXBuildFile; fileRef = B53A3EA0234E680400F27102 /* UITableView.swift */; };
		B5524137235F7DE300329C51 /* MyVotingViewController.swift in Sources */ = {isa = PBXBuildFile; fileRef = B5524136235F7DE300329C51 /* MyVotingViewController.swift */; };
		B552413B235F7E2500329C51 /* MyLaunchpadViewController.swift in Sources */ = {isa = PBXBuildFile; fileRef = B552413A235F7E2500329C51 /* MyLaunchpadViewController.swift */; };
		B552413D235F7E3800329C51 /* MyFavoritesViewController.swift in Sources */ = {isa = PBXBuildFile; fileRef = B552413C235F7E3800329C51 /* MyFavoritesViewController.swift */; };
		B5524141235F839700329C51 /* MyCampaignsHomeController.swift in Sources */ = {isa = PBXBuildFile; fileRef = B5524140235F839700329C51 /* MyCampaignsHomeController.swift */; };
		B5524146235F87CF00329C51 /* Signup.storyboard in Resources */ = {isa = PBXBuildFile; fileRef = B5524142235F87CE00329C51 /* Signup.storyboard */; };
		B5524147235F87CF00329C51 /* Sharedboard.storyboard in Resources */ = {isa = PBXBuildFile; fileRef = B5524144235F87CF00329C51 /* Sharedboard.storyboard */; };
		B55EEBAC236D73E500F8B38D /* FollowersView.swift in Sources */ = {isa = PBXBuildFile; fileRef = B55EEBAB236D73E500F8B38D /* FollowersView.swift */; };
		B55EEBAE236D73EE00F8B38D /* FollowersView.xib in Resources */ = {isa = PBXBuildFile; fileRef = B55EEBAD236D73EE00F8B38D /* FollowersView.xib */; };
		B56123182350949800C4C116 /* SREventSectionHeader.swift in Sources */ = {isa = PBXBuildFile; fileRef = B56123172350949800C4C116 /* SREventSectionHeader.swift */; };
		B561231A235094AD00C4C116 /* SREventSectionHeader.xib in Resources */ = {isa = PBXBuildFile; fileRef = B5612319235094AD00C4C116 /* SREventSectionHeader.xib */; };
		B562A5872351E95B009B4002 /* LCBannerView.m in Sources */ = {isa = PBXBuildFile; fileRef = B562A5852351E95B009B4002 /* LCBannerView.m */; };
		B562A58A2352519B009B4002 /* TrandingCollectionViewCell.swift in Sources */ = {isa = PBXBuildFile; fileRef = B562A5882352519B009B4002 /* TrandingCollectionViewCell.swift */; };
		B562A58B2352519B009B4002 /* TrandingCollectionViewCell.xib in Resources */ = {isa = PBXBuildFile; fileRef = B562A5892352519B009B4002 /* TrandingCollectionViewCell.xib */; };
		B5631945234CC9E0004CA98C /* SVPinView.swift in Sources */ = {isa = PBXBuildFile; fileRef = B5631940234CC9E0004CA98C /* SVPinView.swift */; };
		B5631946234CC9E0004CA98C /* SVPinField.swift in Sources */ = {isa = PBXBuildFile; fileRef = B5631941234CC9E0004CA98C /* SVPinField.swift */; };
		B5631947234CC9E0004CA98C /* SVPinView.xib in Resources */ = {isa = PBXBuildFile; fileRef = B5631943234CC9E0004CA98C /* SVPinView.xib */; };
		B5631948234CC9E0004CA98C /* SVPinCell.xib in Resources */ = {isa = PBXBuildFile; fileRef = B5631944234CC9E0004CA98C /* SVPinCell.xib */; };
		B56ECF2C235AE4B100162C85 /* FLDashBoardModel.swift in Sources */ = {isa = PBXBuildFile; fileRef = B56ECF2B235AE4B100162C85 /* FLDashBoardModel.swift */; };
		B56ECF2E235AF7BE00162C85 /* SRDashboadModel.swift in Sources */ = {isa = PBXBuildFile; fileRef = B56ECF2D235AF7BE00162C85 /* SRDashboadModel.swift */; };
		B56F038C2371E8DC00811A48 /* FLSearchResults.swift in Sources */ = {isa = PBXBuildFile; fileRef = B56F038B2371E8DC00811A48 /* FLSearchResults.swift */; };
		B56F038F2371EAEA00811A48 /* SearchResultsViewController.swift in Sources */ = {isa = PBXBuildFile; fileRef = B56F038E2371EAEA00811A48 /* SearchResultsViewController.swift */; };
		B57092DA235E211500FA5BEC /* CustomAlertView.swift in Sources */ = {isa = PBXBuildFile; fileRef = B57092D8235E211500FA5BEC /* CustomAlertView.swift */; };
		B57092DB235E211500FA5BEC /* CustomAlertViewDelegate.swift in Sources */ = {isa = PBXBuildFile; fileRef = B57092D9235E211500FA5BEC /* CustomAlertViewDelegate.swift */; };
		B57092E1235E220900FA5BEC /* UIButton+Border.swift in Sources */ = {isa = PBXBuildFile; fileRef = B57092E0235E220800FA5BEC /* UIButton+Border.swift */; };
		B57277DA235656E6004080D6 /* ForumsViewController.swift in Sources */ = {isa = PBXBuildFile; fileRef = B57277D9235656E6004080D6 /* ForumsViewController.swift */; };
		B57277DC235657C7004080D6 /* VotingsViewController.swift in Sources */ = {isa = PBXBuildFile; fileRef = B57277DB235657C7004080D6 /* VotingsViewController.swift */; };
		B573242E234504D90081204B /* SceneDelegate.swift in Sources */ = {isa = PBXBuildFile; fileRef = B573242D234504D90081204B /* SceneDelegate.swift */; };
		B57324302345135E0081204B /* SRBaseViewController.swift in Sources */ = {isa = PBXBuildFile; fileRef = B573242F2345135E0081204B /* SRBaseViewController.swift */; };
		B578EDE4236DEC1300BAF902 /* PickerTableViewCell.swift in Sources */ = {isa = PBXBuildFile; fileRef = B578EDE3236DEC1300BAF902 /* PickerTableViewCell.swift */; };
		B578EDEE236E13F700BAF902 /* Manager.swift in Sources */ = {isa = PBXBuildFile; fileRef = B578EDE8236E13F700BAF902 /* Manager.swift */; };
		B578EDEF236E13F700BAF902 /* Controller.swift in Sources */ = {isa = PBXBuildFile; fileRef = B578EDE9236E13F700BAF902 /* Controller.swift */; };
		B578EDF0236E13F700BAF902 /* Animator.swift in Sources */ = {isa = PBXBuildFile; fileRef = B578EDEA236E13F700BAF902 /* Animator.swift */; };
		B578EDF1236E13F700BAF902 /* Extensions.swift in Sources */ = {isa = PBXBuildFile; fileRef = B578EDEB236E13F700BAF902 /* Extensions.swift */; };
		B578EDF2236E13F700BAF902 /* Icons.swift in Sources */ = {isa = PBXBuildFile; fileRef = B578EDEC236E13F700BAF902 /* Icons.swift */; };
		B578EDF3236E13F700BAF902 /* Loaf.swift in Sources */ = {isa = PBXBuildFile; fileRef = B578EDED236E13F700BAF902 /* Loaf.swift */; };
		B58601D1234887B80031CA81 /* SRLoginViewController.swift in Sources */ = {isa = PBXBuildFile; fileRef = B58601D0234887B80031CA81 /* SRLoginViewController.swift */; };
		B58601D3234887DE0031CA81 /* SRMobileViewController.swift in Sources */ = {isa = PBXBuildFile; fileRef = B58601D2234887DE0031CA81 /* SRMobileViewController.swift */; };
		B58601D7234888140031CA81 /* SRRegistrationViewController.swift in Sources */ = {isa = PBXBuildFile; fileRef = B58601D6234888140031CA81 /* SRRegistrationViewController.swift */; };
		B58601D92348882B0031CA81 /* SRForgotViewController.swift in Sources */ = {isa = PBXBuildFile; fileRef = B58601D82348882B0031CA81 /* SRForgotViewController.swift */; };
		B58601E22348932E0031CA81 /* AppCoordinator.swift in Sources */ = {isa = PBXBuildFile; fileRef = B58601E12348932E0031CA81 /* AppCoordinator.swift */; };
		B58601E423489F4F0031CA81 /* UITextField+Extensions.swift in Sources */ = {isa = PBXBuildFile; fileRef = B58601E323489F4F0031CA81 /* UITextField+Extensions.swift */; };
		B58601E62348FCB70031CA81 /* SRWelcomeViewController.swift in Sources */ = {isa = PBXBuildFile; fileRef = B58601E52348FCB70031CA81 /* SRWelcomeViewController.swift */; };
		B58601E8234911A10031CA81 /* UIStoryboard+Storyboards.swift in Sources */ = {isa = PBXBuildFile; fileRef = B58601E7234911A10031CA81 /* UIStoryboard+Storyboards.swift */; };
		B58601EC23491FA40031CA81 /* SRSignTableViewCell.swift in Sources */ = {isa = PBXBuildFile; fileRef = B58601EB23491FA40031CA81 /* SRSignTableViewCell.swift */; };
		B58601F3234925B50031CA81 /* Roboto-Medium.ttf in Resources */ = {isa = PBXBuildFile; fileRef = B58601EE234925B50031CA81 /* Roboto-Medium.ttf */; };
		B58601F4234925B50031CA81 /* Roboto-Regular.ttf in Resources */ = {isa = PBXBuildFile; fileRef = B58601EF234925B50031CA81 /* Roboto-Regular.ttf */; };
		B58601F5234925B50031CA81 /* RobotoSlab-Bold.ttf in Resources */ = {isa = PBXBuildFile; fileRef = B58601F0234925B50031CA81 /* RobotoSlab-Bold.ttf */; };
		B58601F6234925B50031CA81 /* Roboto-Bold.ttf in Resources */ = {isa = PBXBuildFile; fileRef = B58601F1234925B50031CA81 /* Roboto-Bold.ttf */; };
		B58601F7234925B50031CA81 /* RobotoSlab-Regular.ttf in Resources */ = {isa = PBXBuildFile; fileRef = B58601F2234925B50031CA81 /* RobotoSlab-Regular.ttf */; };
		B58601F923492B9D0031CA81 /* CommonExtensions.swift in Sources */ = {isa = PBXBuildFile; fileRef = B58601F823492B9D0031CA81 /* CommonExtensions.swift */; };
		B5A5E4F9236219DB002AFD15 /* FLCampaignModels.swift in Sources */ = {isa = PBXBuildFile; fileRef = B5A5E4F8236219DB002AFD15 /* FLCampaignModels.swift */; };
		B5ABDDD92360C9F700A3FF54 /* MakeCampaignViewController.swift in Sources */ = {isa = PBXBuildFile; fileRef = B5ABDDD82360C9F700A3FF54 /* MakeCampaignViewController.swift */; };
		B5ABDDDB2360D9BE00A3FF54 /* TeamsViewController.swift in Sources */ = {isa = PBXBuildFile; fileRef = B5ABDDDA2360D9BE00A3FF54 /* TeamsViewController.swift */; };
		B5B2CF0E2375BB5200E20A90 /* MyRewardViewController.swift in Sources */ = {isa = PBXBuildFile; fileRef = B5B2CF0D2375BB5200E20A90 /* MyRewardViewController.swift */; };
		B5C61EF0234BC09500882FC1 /* SROTPViewController.swift in Sources */ = {isa = PBXBuildFile; fileRef = B5C61EEF234BC09500882FC1 /* SROTPViewController.swift */; };
		B5C61EF2234BC0BA00882FC1 /* SROTPVarificationViewController.swift in Sources */ = {isa = PBXBuildFile; fileRef = B5C61EF1234BC0BA00882FC1 /* SROTPVarificationViewController.swift */; };
		B5F869D12358F82200DE2164 /* Toast.swift in Sources */ = {isa = PBXBuildFile; fileRef = B5F869D02358F82200DE2164 /* Toast.swift */; };
/* End PBXBuildFile section */

/* Begin PBXFileReference section */
		9ED010A3775485D1A6C3CC85 /* Pods-FandomLive.release.xcconfig */ = {isa = PBXFileReference; includeInIndex = 1; lastKnownFileType = text.xcconfig; name = "Pods-FandomLive.release.xcconfig"; path = "Target Support Files/Pods-FandomLive/Pods-FandomLive.release.xcconfig"; sourceTree = "<group>"; };
		AF253BAEABA7A99A0D3692F1 /* Pods_FandomLive.framework */ = {isa = PBXFileReference; explicitFileType = wrapper.framework; includeInIndex = 0; path = Pods_FandomLive.framework; sourceTree = BUILT_PRODUCTS_DIR; };
		B50A0890235500E6005F0B4B /* DictionaryDecoder.swift */ = {isa = PBXFileReference; fileEncoding = 4; lastKnownFileType = sourcecode.swift; path = DictionaryDecoder.swift; sourceTree = "<group>"; };
		B50A0891235500E6005F0B4B /* UserDefaults+Codable.swift */ = {isa = PBXFileReference; fileEncoding = 4; lastKnownFileType = sourcecode.swift; path = "UserDefaults+Codable.swift"; sourceTree = "<group>"; };
		B50A0892235500E6005F0B4B /* NSUbiquitousKeyValueStore+Codable.swift */ = {isa = PBXFileReference; fileEncoding = 4; lastKnownFileType = sourcecode.swift; path = "NSUbiquitousKeyValueStore+Codable.swift"; sourceTree = "<group>"; };
		B50A0894235500E6005F0B4B /* DictionaryEncoder.swift */ = {isa = PBXFileReference; fileEncoding = 4; lastKnownFileType = sourcecode.swift; path = DictionaryEncoder.swift; sourceTree = "<group>"; };
		B5120EA0236D8C22009A532F /* FollowedCollectionViewCell.swift */ = {isa = PBXFileReference; lastKnownFileType = sourcecode.swift; path = FollowedCollectionViewCell.swift; sourceTree = "<group>"; };
		B5120EA1236D8C22009A532F /* FollowedCollectionViewCell.xib */ = {isa = PBXFileReference; lastKnownFileType = file.xib; path = FollowedCollectionViewCell.xib; sourceTree = "<group>"; };
		B5120EA6236DB3E2009A532F /* FLMyVotingModel.swift */ = {isa = PBXFileReference; lastKnownFileType = sourcecode.swift; path = FLMyVotingModel.swift; sourceTree = "<group>"; };
		B5120EA8236DC8E7009A532F /* FLMyFavoritesModel.swift */ = {isa = PBXFileReference; lastKnownFileType = sourcecode.swift; path = FLMyFavoritesModel.swift; sourceTree = "<group>"; };
		B5180210235797890029E6C1 /* RepositoryManager.swift */ = {isa = PBXFileReference; lastKnownFileType = sourcecode.swift; path = RepositoryManager.swift; sourceTree = "<group>"; };
		B51D6F48234A07670019F874 /* SRTabBarController.swift */ = {isa = PBXFileReference; lastKnownFileType = sourcecode.swift; path = SRTabBarController.swift; sourceTree = "<group>"; };
		B51D6F4A234A0CDF0019F874 /* KnockKnockViewController.swift */ = {isa = PBXFileReference; lastKnownFileType = sourcecode.swift; path = KnockKnockViewController.swift; sourceTree = "<group>"; };
		B51D6F4E234A13D50019F874 /* SRLaunchpadViewController.swift */ = {isa = PBXFileReference; lastKnownFileType = sourcecode.swift; path = SRLaunchpadViewController.swift; sourceTree = "<group>"; };
		B51D6F51234A16A00019F874 /* CampaignsViewController.swift */ = {isa = PBXFileReference; lastKnownFileType = sourcecode.swift; path = CampaignsViewController.swift; sourceTree = "<group>"; };
		B51D6F57234A1A140019F874 /* MyAccountViewController.swift */ = {isa = PBXFileReference; lastKnownFileType = sourcecode.swift; path = MyAccountViewController.swift; sourceTree = "<group>"; };
		B51D6F59234A35DD0019F874 /* UINavigationBar+Transparent.swift */ = {isa = PBXFileReference; fileEncoding = 4; lastKnownFileType = sourcecode.swift; path = "UINavigationBar+Transparent.swift"; sourceTree = "<group>"; };
		B51D6F5B234A38EE0019F874 /* KeyboardExtension.swift */ = {isa = PBXFileReference; fileEncoding = 4; lastKnownFileType = sourcecode.swift; path = KeyboardExtension.swift; sourceTree = "<group>"; };
		B51EBC6C23464E3600B8015A /* GoogleService-Info.plist */ = {isa = PBXFileReference; fileEncoding = 4; lastKnownFileType = text.plist.xml; path = "GoogleService-Info.plist"; sourceTree = "<group>"; };
		B520D1D22343A45F00D8FD67 /* BookMyStar.app */ = {isa = PBXFileReference; explicitFileType = wrapper.application; includeInIndex = 0; path = BookMyStar.app; sourceTree = BUILT_PRODUCTS_DIR; };
		B520D1D52343A45F00D8FD67 /* AppDelegate.swift */ = {isa = PBXFileReference; lastKnownFileType = sourcecode.swift; path = AppDelegate.swift; sourceTree = "<group>"; };
		B520D1DC2343A45F00D8FD67 /* Base */ = {isa = PBXFileReference; lastKnownFileType = file.storyboard; name = Base; path = Base.lproj/Main.storyboard; sourceTree = "<group>"; };
		B520D1DE2343A46000D8FD67 /* Assets.xcassets */ = {isa = PBXFileReference; lastKnownFileType = folder.assetcatalog; path = Assets.xcassets; sourceTree = "<group>"; };
		B520D1E12343A46000D8FD67 /* Base */ = {isa = PBXFileReference; lastKnownFileType = file.storyboard; name = Base; path = Base.lproj/LaunchScreen.storyboard; sourceTree = "<group>"; };
		B520D1E32343A46000D8FD67 /* Info.plist */ = {isa = PBXFileReference; lastKnownFileType = text.plist.xml; path = Info.plist; sourceTree = "<group>"; };
		B520D1F62343A8E900D8FD67 /* DashboardViewController.swift */ = {isa = PBXFileReference; lastKnownFileType = sourcecode.swift; path = DashboardViewController.swift; sourceTree = "<group>"; };
		B520D1F82343A90B00D8FD67 /* SRApplicationStates.swift */ = {isa = PBXFileReference; lastKnownFileType = sourcecode.swift; path = SRApplicationStates.swift; sourceTree = "<group>"; };
		B520D1FA2343A92B00D8FD67 /* SRDataManager.swift */ = {isa = PBXFileReference; lastKnownFileType = sourcecode.swift; path = SRDataManager.swift; sourceTree = "<group>"; };
		B520D1FC2343A94000D8FD67 /* SRGlobalShared.swift */ = {isa = PBXFileReference; lastKnownFileType = sourcecode.swift; path = SRGlobalShared.swift; sourceTree = "<group>"; };
		B520D1FE2343A95100D8FD67 /* SRUtilities.swift */ = {isa = PBXFileReference; lastKnownFileType = sourcecode.swift; path = SRUtilities.swift; sourceTree = "<group>"; };
		B520D2012343B4AD00D8FD67 /* Approtocols.swift */ = {isa = PBXFileReference; lastKnownFileType = sourcecode.swift; path = Approtocols.swift; sourceTree = "<group>"; };
		B520D20A2343DE6300D8FD67 /* User.swift */ = {isa = PBXFileReference; lastKnownFileType = sourcecode.swift; path = User.swift; sourceTree = "<group>"; };
		B520D20F2343E45E00D8FD67 /* FacebookProvider.swift */ = {isa = PBXFileReference; fileEncoding = 4; lastKnownFileType = sourcecode.swift; path = FacebookProvider.swift; sourceTree = "<group>"; };
		B520D2102343E45E00D8FD67 /* GoogleProvider.swift */ = {isa = PBXFileReference; fileEncoding = 4; lastKnownFileType = sourcecode.swift; path = GoogleProvider.swift; sourceTree = "<group>"; };
		B520D2132343E8F700D8FD67 /* EmailLoginProvider.swift */ = {isa = PBXFileReference; lastKnownFileType = sourcecode.swift; path = EmailLoginProvider.swift; sourceTree = "<group>"; };
		B520D2152343E99900D8FD67 /* SRLoginProvider.swift */ = {isa = PBXFileReference; lastKnownFileType = sourcecode.swift; path = SRLoginProvider.swift; sourceTree = "<group>"; };
		B522C819235C880B008157B2 /* FabdomEventTimer.swift */ = {isa = PBXFileReference; lastKnownFileType = sourcecode.swift; path = FabdomEventTimer.swift; sourceTree = "<group>"; };
		B525B56A2344959D001C8B67 /* SRNetworkManager.swift */ = {isa = PBXFileReference; lastKnownFileType = sourcecode.swift; path = SRNetworkManager.swift; sourceTree = "<group>"; };
		B525B5742344B56F001C8B67 /* Bundle.swift */ = {isa = PBXFileReference; fileEncoding = 4; lastKnownFileType = sourcecode.swift; path = Bundle.swift; sourceTree = "<group>"; };
		B525B57B2344B938001C8B67 /* AppAppearance.swift */ = {isa = PBXFileReference; fileEncoding = 4; lastKnownFileType = sourcecode.swift; path = AppAppearance.swift; sourceTree = "<group>"; };
		B525B57D2344B98C001C8B67 /* Errors.swift */ = {isa = PBXFileReference; fileEncoding = 4; lastKnownFileType = sourcecode.swift; path = Errors.swift; sourceTree = "<group>"; };
		B525B57F2344BA9F001C8B67 /* UIRelevance.swift */ = {isa = PBXFileReference; fileEncoding = 4; lastKnownFileType = sourcecode.swift; path = UIRelevance.swift; sourceTree = "<group>"; };
		B525B5812344BAB0001C8B67 /* UIView_designable.swift */ = {isa = PBXFileReference; fileEncoding = 4; lastKnownFileType = sourcecode.swift; path = UIView_designable.swift; sourceTree = "<group>"; };
		B525B5832344BAC1001C8B67 /* UIViewController+Additions.swift */ = {isa = PBXFileReference; fileEncoding = 4; lastKnownFileType = sourcecode.swift; path = "UIViewController+Additions.swift"; sourceTree = "<group>"; };
		B525B5852344BF37001C8B67 /* UIViewHelper.swift */ = {isa = PBXFileReference; fileEncoding = 4; lastKnownFileType = sourcecode.swift; path = UIViewHelper.swift; sourceTree = "<group>"; };
		B525B5882344C60C001C8B67 /* Validators.swift */ = {isa = PBXFileReference; fileEncoding = 4; lastKnownFileType = sourcecode.swift; path = Validators.swift; sourceTree = "<group>"; };
		B532A67F23733FC000CC1D02 /* ArtistCollectionViewCell.xib */ = {isa = PBXFileReference; fileEncoding = 4; lastKnownFileType = file.xib; path = ArtistCollectionViewCell.xib; sourceTree = "<group>"; };
		B532A68223733FC000CC1D02 /* ArtistCollectionViewCell.swift */ = {isa = PBXFileReference; fileEncoding = 4; lastKnownFileType = sourcecode.swift; path = ArtistCollectionViewCell.swift; sourceTree = "<group>"; };
		B532A68B237350A800CC1D02 /* TeamsCollectionViewCell.xib */ = {isa = PBXFileReference; fileEncoding = 4; lastKnownFileType = file.xib; path = TeamsCollectionViewCell.xib; sourceTree = "<group>"; };
		B532A68D237350C400CC1D02 /* TeamsCollectionViewCell.swift */ = {isa = PBXFileReference; fileEncoding = 4; lastKnownFileType = sourcecode.swift; path = TeamsCollectionViewCell.swift; sourceTree = "<group>"; };
		B532A68F2373564500CC1D02 /* SearchHeaderReusableView.swift */ = {isa = PBXFileReference; lastKnownFileType = sourcecode.swift; path = SearchHeaderReusableView.swift; sourceTree = "<group>"; };
		B532A6902373564500CC1D02 /* SearchHeaderReusableView.xib */ = {isa = PBXFileReference; lastKnownFileType = file.xib; path = SearchHeaderReusableView.xib; sourceTree = "<group>"; };
		B53A3E8E234E551700F27102 /* BannersTableViewCell.swift */ = {isa = PBXFileReference; lastKnownFileType = sourcecode.swift; path = BannersTableViewCell.swift; sourceTree = "<group>"; };
		B53A3E8F234E551700F27102 /* BannersTableViewCell.xib */ = {isa = PBXFileReference; lastKnownFileType = file.xib; path = BannersTableViewCell.xib; sourceTree = "<group>"; };
		B53A3E92234E553200F27102 /* TrendingEventsTableViewCell.swift */ = {isa = PBXFileReference; lastKnownFileType = sourcecode.swift; path = TrendingEventsTableViewCell.swift; sourceTree = "<group>"; };
		B53A3E93234E553200F27102 /* TrendingEventsTableViewCell.xib */ = {isa = PBXFileReference; lastKnownFileType = file.xib; path = TrendingEventsTableViewCell.xib; sourceTree = "<group>"; };
		B53A3E96234E554600F27102 /* LatestNewsTableViewCell.swift */ = {isa = PBXFileReference; lastKnownFileType = sourcecode.swift; path = LatestNewsTableViewCell.swift; sourceTree = "<group>"; };
		B53A3E97234E554600F27102 /* LatestNewsTableViewCell.xib */ = {isa = PBXFileReference; lastKnownFileType = file.xib; path = LatestNewsTableViewCell.xib; sourceTree = "<group>"; };
		B53A3EA0234E680400F27102 /* UITableView.swift */ = {isa = PBXFileReference; fileEncoding = 4; lastKnownFileType = sourcecode.swift; path = UITableView.swift; sourceTree = "<group>"; };
		B5524136235F7DE300329C51 /* MyVotingViewController.swift */ = {isa = PBXFileReference; lastKnownFileType = sourcecode.swift; path = MyVotingViewController.swift; sourceTree = "<group>"; };
		B552413A235F7E2500329C51 /* MyLaunchpadViewController.swift */ = {isa = PBXFileReference; lastKnownFileType = sourcecode.swift; path = MyLaunchpadViewController.swift; sourceTree = "<group>"; };
		B552413C235F7E3800329C51 /* MyFavoritesViewController.swift */ = {isa = PBXFileReference; lastKnownFileType = sourcecode.swift; path = MyFavoritesViewController.swift; sourceTree = "<group>"; };
		B5524140235F839700329C51 /* MyCampaignsHomeController.swift */ = {isa = PBXFileReference; lastKnownFileType = sourcecode.swift; path = MyCampaignsHomeController.swift; sourceTree = "<group>"; };
		B5524143235F87CE00329C51 /* Base */ = {isa = PBXFileReference; lastKnownFileType = file.storyboard; name = Base; path = Base.lproj/Signup.storyboard; sourceTree = "<group>"; };
		B5524145235F87CF00329C51 /* Base */ = {isa = PBXFileReference; lastKnownFileType = file.storyboard; name = Base; path = Base.lproj/Sharedboard.storyboard; sourceTree = "<group>"; };
		B55EEBAB236D73E500F8B38D /* FollowersView.swift */ = {isa = PBXFileReference; lastKnownFileType = sourcecode.swift; path = FollowersView.swift; sourceTree = "<group>"; };
		B55EEBAD236D73EE00F8B38D /* FollowersView.xib */ = {isa = PBXFileReference; lastKnownFileType = file.xib; path = FollowersView.xib; sourceTree = "<group>"; };
		B56123172350949800C4C116 /* SREventSectionHeader.swift */ = {isa = PBXFileReference; lastKnownFileType = sourcecode.swift; path = SREventSectionHeader.swift; sourceTree = "<group>"; };
		B5612319235094AD00C4C116 /* SREventSectionHeader.xib */ = {isa = PBXFileReference; fileEncoding = 4; lastKnownFileType = file.xib; path = SREventSectionHeader.xib; sourceTree = "<group>"; };
		B562A5842351E95A009B4002 /* FandomLive-Bridging-Header.h */ = {isa = PBXFileReference; lastKnownFileType = sourcecode.c.h; path = "FandomLive-Bridging-Header.h"; sourceTree = "<group>"; };
		B562A5852351E95B009B4002 /* LCBannerView.m */ = {isa = PBXFileReference; fileEncoding = 4; lastKnownFileType = sourcecode.c.objc; path = LCBannerView.m; sourceTree = "<group>"; };
		B562A5862351E95B009B4002 /* LCBannerView.h */ = {isa = PBXFileReference; fileEncoding = 4; lastKnownFileType = sourcecode.c.h; path = LCBannerView.h; sourceTree = "<group>"; };
		B562A5882352519B009B4002 /* TrandingCollectionViewCell.swift */ = {isa = PBXFileReference; lastKnownFileType = sourcecode.swift; path = TrandingCollectionViewCell.swift; sourceTree = "<group>"; };
		B562A5892352519B009B4002 /* TrandingCollectionViewCell.xib */ = {isa = PBXFileReference; lastKnownFileType = file.xib; path = TrandingCollectionViewCell.xib; sourceTree = "<group>"; };
		B5631940234CC9E0004CA98C /* SVPinView.swift */ = {isa = PBXFileReference; fileEncoding = 4; lastKnownFileType = sourcecode.swift; path = SVPinView.swift; sourceTree = "<group>"; };
		B5631941234CC9E0004CA98C /* SVPinField.swift */ = {isa = PBXFileReference; fileEncoding = 4; lastKnownFileType = sourcecode.swift; path = SVPinField.swift; sourceTree = "<group>"; };
		B5631943234CC9E0004CA98C /* SVPinView.xib */ = {isa = PBXFileReference; fileEncoding = 4; lastKnownFileType = file.xib; path = SVPinView.xib; sourceTree = "<group>"; };
		B5631944234CC9E0004CA98C /* SVPinCell.xib */ = {isa = PBXFileReference; fileEncoding = 4; lastKnownFileType = file.xib; path = SVPinCell.xib; sourceTree = "<group>"; };
		B56ECF2B235AE4B100162C85 /* FLDashBoardModel.swift */ = {isa = PBXFileReference; lastKnownFileType = sourcecode.swift; path = FLDashBoardModel.swift; sourceTree = "<group>"; };
		B56ECF2D235AF7BE00162C85 /* SRDashboadModel.swift */ = {isa = PBXFileReference; fileEncoding = 4; lastKnownFileType = sourcecode.swift; path = SRDashboadModel.swift; sourceTree = "<group>"; };
		B56F038B2371E8DC00811A48 /* FLSearchResults.swift */ = {isa = PBXFileReference; lastKnownFileType = sourcecode.swift; path = FLSearchResults.swift; sourceTree = "<group>"; };
		B56F038E2371EAEA00811A48 /* SearchResultsViewController.swift */ = {isa = PBXFileReference; lastKnownFileType = sourcecode.swift; path = SearchResultsViewController.swift; sourceTree = "<group>"; };
		B57092D8235E211500FA5BEC /* CustomAlertView.swift */ = {isa = PBXFileReference; fileEncoding = 4; lastKnownFileType = sourcecode.swift; path = CustomAlertView.swift; sourceTree = "<group>"; };
		B57092D9235E211500FA5BEC /* CustomAlertViewDelegate.swift */ = {isa = PBXFileReference; fileEncoding = 4; lastKnownFileType = sourcecode.swift; path = CustomAlertViewDelegate.swift; sourceTree = "<group>"; };
		B57092E0235E220800FA5BEC /* UIButton+Border.swift */ = {isa = PBXFileReference; fileEncoding = 4; lastKnownFileType = sourcecode.swift; path = "UIButton+Border.swift"; sourceTree = "<group>"; };
		B57277D9235656E6004080D6 /* ForumsViewController.swift */ = {isa = PBXFileReference; lastKnownFileType = sourcecode.swift; path = ForumsViewController.swift; sourceTree = "<group>"; };
		B57277DB235657C7004080D6 /* VotingsViewController.swift */ = {isa = PBXFileReference; lastKnownFileType = sourcecode.swift; path = VotingsViewController.swift; sourceTree = "<group>"; };
		B573242D234504D90081204B /* SceneDelegate.swift */ = {isa = PBXFileReference; fileEncoding = 4; lastKnownFileType = sourcecode.swift; path = SceneDelegate.swift; sourceTree = "<group>"; };
		B573242F2345135E0081204B /* SRBaseViewController.swift */ = {isa = PBXFileReference; lastKnownFileType = sourcecode.swift; path = SRBaseViewController.swift; sourceTree = "<group>"; };
		B578EDE3236DEC1300BAF902 /* PickerTableViewCell.swift */ = {isa = PBXFileReference; lastKnownFileType = sourcecode.swift; path = PickerTableViewCell.swift; sourceTree = "<group>"; };
		B578EDE8236E13F700BAF902 /* Manager.swift */ = {isa = PBXFileReference; fileEncoding = 4; lastKnownFileType = sourcecode.swift; path = Manager.swift; sourceTree = "<group>"; };
		B578EDE9236E13F700BAF902 /* Controller.swift */ = {isa = PBXFileReference; fileEncoding = 4; lastKnownFileType = sourcecode.swift; path = Controller.swift; sourceTree = "<group>"; };
		B578EDEA236E13F700BAF902 /* Animator.swift */ = {isa = PBXFileReference; fileEncoding = 4; lastKnownFileType = sourcecode.swift; path = Animator.swift; sourceTree = "<group>"; };
		B578EDEB236E13F700BAF902 /* Extensions.swift */ = {isa = PBXFileReference; fileEncoding = 4; lastKnownFileType = sourcecode.swift; path = Extensions.swift; sourceTree = "<group>"; };
		B578EDEC236E13F700BAF902 /* Icons.swift */ = {isa = PBXFileReference; fileEncoding = 4; lastKnownFileType = sourcecode.swift; path = Icons.swift; sourceTree = "<group>"; };
		B578EDED236E13F700BAF902 /* Loaf.swift */ = {isa = PBXFileReference; fileEncoding = 4; lastKnownFileType = sourcecode.swift; path = Loaf.swift; sourceTree = "<group>"; };
		B58601D0234887B80031CA81 /* SRLoginViewController.swift */ = {isa = PBXFileReference; lastKnownFileType = sourcecode.swift; path = SRLoginViewController.swift; sourceTree = "<group>"; };
		B58601D2234887DE0031CA81 /* SRMobileViewController.swift */ = {isa = PBXFileReference; lastKnownFileType = sourcecode.swift; path = SRMobileViewController.swift; sourceTree = "<group>"; };
		B58601D6234888140031CA81 /* SRRegistrationViewController.swift */ = {isa = PBXFileReference; lastKnownFileType = sourcecode.swift; path = SRRegistrationViewController.swift; sourceTree = "<group>"; };
		B58601D82348882B0031CA81 /* SRForgotViewController.swift */ = {isa = PBXFileReference; lastKnownFileType = sourcecode.swift; path = SRForgotViewController.swift; sourceTree = "<group>"; };
		B58601E12348932E0031CA81 /* AppCoordinator.swift */ = {isa = PBXFileReference; lastKnownFileType = sourcecode.swift; path = AppCoordinator.swift; sourceTree = "<group>"; };
		B58601E323489F4F0031CA81 /* UITextField+Extensions.swift */ = {isa = PBXFileReference; fileEncoding = 4; lastKnownFileType = sourcecode.swift; path = "UITextField+Extensions.swift"; sourceTree = "<group>"; };
		B58601E52348FCB70031CA81 /* SRWelcomeViewController.swift */ = {isa = PBXFileReference; lastKnownFileType = sourcecode.swift; path = SRWelcomeViewController.swift; sourceTree = "<group>"; };
		B58601E7234911A10031CA81 /* UIStoryboard+Storyboards.swift */ = {isa = PBXFileReference; fileEncoding = 4; lastKnownFileType = sourcecode.swift; path = "UIStoryboard+Storyboards.swift"; sourceTree = "<group>"; };
		B58601EB23491FA40031CA81 /* SRSignTableViewCell.swift */ = {isa = PBXFileReference; lastKnownFileType = sourcecode.swift; path = SRSignTableViewCell.swift; sourceTree = "<group>"; };
		B58601EE234925B50031CA81 /* Roboto-Medium.ttf */ = {isa = PBXFileReference; lastKnownFileType = file; path = "Roboto-Medium.ttf"; sourceTree = "<group>"; };
		B58601EF234925B50031CA81 /* Roboto-Regular.ttf */ = {isa = PBXFileReference; lastKnownFileType = file; path = "Roboto-Regular.ttf"; sourceTree = "<group>"; };
		B58601F0234925B50031CA81 /* RobotoSlab-Bold.ttf */ = {isa = PBXFileReference; lastKnownFileType = file; path = "RobotoSlab-Bold.ttf"; sourceTree = "<group>"; };
		B58601F1234925B50031CA81 /* Roboto-Bold.ttf */ = {isa = PBXFileReference; lastKnownFileType = file; path = "Roboto-Bold.ttf"; sourceTree = "<group>"; };
		B58601F2234925B50031CA81 /* RobotoSlab-Regular.ttf */ = {isa = PBXFileReference; lastKnownFileType = file; path = "RobotoSlab-Regular.ttf"; sourceTree = "<group>"; };
		B58601F823492B9D0031CA81 /* CommonExtensions.swift */ = {isa = PBXFileReference; lastKnownFileType = sourcecode.swift; path = CommonExtensions.swift; sourceTree = "<group>"; };
		B5A5E4F8236219DB002AFD15 /* FLCampaignModels.swift */ = {isa = PBXFileReference; lastKnownFileType = sourcecode.swift; path = FLCampaignModels.swift; sourceTree = "<group>"; };
		B5ABDDD82360C9F700A3FF54 /* MakeCampaignViewController.swift */ = {isa = PBXFileReference; lastKnownFileType = sourcecode.swift; path = MakeCampaignViewController.swift; sourceTree = "<group>"; };
		B5ABDDDA2360D9BE00A3FF54 /* TeamsViewController.swift */ = {isa = PBXFileReference; lastKnownFileType = sourcecode.swift; path = TeamsViewController.swift; sourceTree = "<group>"; };
		B5B2CF0D2375BB5200E20A90 /* MyRewardViewController.swift */ = {isa = PBXFileReference; fileEncoding = 4; lastKnownFileType = sourcecode.swift; path = MyRewardViewController.swift; sourceTree = "<group>"; };
		B5C61EEF234BC09500882FC1 /* SROTPViewController.swift */ = {isa = PBXFileReference; lastKnownFileType = sourcecode.swift; path = SROTPViewController.swift; sourceTree = "<group>"; };
		B5C61EF1234BC0BA00882FC1 /* SROTPVarificationViewController.swift */ = {isa = PBXFileReference; lastKnownFileType = sourcecode.swift; path = SROTPVarificationViewController.swift; sourceTree = "<group>"; };
		B5F869D02358F82200DE2164 /* Toast.swift */ = {isa = PBXFileReference; fileEncoding = 4; lastKnownFileType = sourcecode.swift; path = Toast.swift; sourceTree = "<group>"; };
		F375EE956A5DD1A00381F54B /* Pods-FandomLive.debug.xcconfig */ = {isa = PBXFileReference; includeInIndex = 1; lastKnownFileType = text.xcconfig; name = "Pods-FandomLive.debug.xcconfig"; path = "Target Support Files/Pods-FandomLive/Pods-FandomLive.debug.xcconfig"; sourceTree = "<group>"; };
/* End PBXFileReference section */

/* Begin PBXFrameworksBuildPhase section */
		B520D1CF2343A45F00D8FD67 /* Frameworks */ = {
			isa = PBXFrameworksBuildPhase;
			buildActionMask = 2147483647;
			files = (
				58E5E7661A8617D4C09AAC96 /* Pods_FandomLive.framework in Frameworks */,
			);
			runOnlyForDeploymentPostprocessing = 0;
		};
/* End PBXFrameworksBuildPhase section */

/* Begin PBXGroup section */
		B50A088F235500E6005F0B4B /* DictionaryDecoder */ = {
			isa = PBXGroup;
			children = (
				B50A0890235500E6005F0B4B /* DictionaryDecoder.swift */,
				B50A0891235500E6005F0B4B /* UserDefaults+Codable.swift */,
				B50A0892235500E6005F0B4B /* NSUbiquitousKeyValueStore+Codable.swift */,
				B50A0894235500E6005F0B4B /* DictionaryEncoder.swift */,
			);
			path = DictionaryDecoder;
			sourceTree = "<group>";
		};
		B51D6F4C234A13800019F874 /* DashboardViewController */ = {
			isa = PBXGroup;
			children = (
				B520D1F62343A8E900D8FD67 /* DashboardViewController.swift */,
			);
			path = DashboardViewController;
			sourceTree = "<group>";
		};
		B51D6F4D234A13B00019F874 /* LaunchpadViewController */ = {
			isa = PBXGroup;
			children = (
				B51D6F4E234A13D50019F874 /* SRLaunchpadViewController.swift */,
			);
			path = LaunchpadViewController;
			sourceTree = "<group>";
		};
		B51D6F50234A16820019F874 /* CampaignsViewController */ = {
			isa = PBXGroup;
			children = (
				B51D6F51234A16A00019F874 /* CampaignsViewController.swift */,
				B57277DB235657C7004080D6 /* VotingsViewController.swift */,
				B5ABDDD82360C9F700A3FF54 /* MakeCampaignViewController.swift */,
				B5ABDDDA2360D9BE00A3FF54 /* TeamsViewController.swift */,
			);
			path = CampaignsViewController;
			sourceTree = "<group>";
		};
		B51D6F56234A19450019F874 /* MyAccountViewController */ = {
			isa = PBXGroup;
			children = (
				B5524135235F78FA00329C51 /* MyCampaignsViewControllers */,
				B51D6F57234A1A140019F874 /* MyAccountViewController.swift */,
			);
			path = MyAccountViewController;
			sourceTree = "<group>";
		};
		B520D1C92343A45F00D8FD67 = {
			isa = PBXGroup;
			children = (
				B520D1D42343A45F00D8FD67 /* FandomLive */,
				B520D1D32343A45F00D8FD67 /* Products */,
				E0432C28198478215EBC7C16 /* Pods */,
				EF08FF8058D1A1FC22227E76 /* Frameworks */,
			);
			sourceTree = "<group>";
		};
		B520D1D32343A45F00D8FD67 /* Products */ = {
			isa = PBXGroup;
			children = (
				B520D1D22343A45F00D8FD67 /* BookMyStar.app */,
			);
			name = Products;
			sourceTree = "<group>";
		};
		B520D1D42343A45F00D8FD67 /* FandomLive */ = {
			isa = PBXGroup;
			children = (
				B58601ED234925B50031CA81 /* CustomFont */,
				B58601E0234892ED0031CA81 /* AppCoordinators */,
				B525B5872344C60C001C8B67 /* Validation */,
				B520D20E2343E43E00D8FD67 /* LoginProviders */,
				B520D2002343B48A00D8FD67 /* AppProtocols */,
				B520D1F12343A53400D8FD67 /* Views */,
				B520D1F02343A52600D8FD67 /* ViewControllers */,
				B520D1EF2343A4FD00D8FD67 /* Models */,
				B520D1EE2343A4F000D8FD67 /* ApplicationStates */,
				B520D1ED2343A4E500D8FD67 /* Managers */,
				B520D1EC2343A4D700D8FD67 /* Shared */,
				B520D1EB2343A4CC00D8FD67 /* Vendors */,
				B520D1EA2343A4B700D8FD67 /* Utilities */,
				B520D1E92343A4A700D8FD67 /* Extensions */,
				B520D1D52343A45F00D8FD67 /* AppDelegate.swift */,
				B573242D234504D90081204B /* SceneDelegate.swift */,
				B58601CF234887580031CA81 /* Storyboards */,
				B520D1DE2343A46000D8FD67 /* Assets.xcassets */,
				B520D1E02343A46000D8FD67 /* LaunchScreen.storyboard */,
				B51EBC6C23464E3600B8015A /* GoogleService-Info.plist */,
				B520D1E32343A46000D8FD67 /* Info.plist */,
			);
			path = FandomLive;
			sourceTree = "<group>";
		};
		B520D1E92343A4A700D8FD67 /* Extensions */ = {
			isa = PBXGroup;
			children = (
				B58601E7234911A10031CA81 /* UIStoryboard+Storyboards.swift */,
				B58601E323489F4F0031CA81 /* UITextField+Extensions.swift */,
				B525B5742344B56F001C8B67 /* Bundle.swift */,
				B525B5832344BAC1001C8B67 /* UIViewController+Additions.swift */,
				B51D6F59234A35DD0019F874 /* UINavigationBar+Transparent.swift */,
				B58601F823492B9D0031CA81 /* CommonExtensions.swift */,
				B53A3EA0234E680400F27102 /* UITableView.swift */,
			);
			path = Extensions;
			sourceTree = "<group>";
		};
		B520D1EA2343A4B700D8FD67 /* Utilities */ = {
			isa = PBXGroup;
			children = (
				B525B5852344BF37001C8B67 /* UIViewHelper.swift */,
				B525B57F2344BA9F001C8B67 /* UIRelevance.swift */,
				B525B57D2344B98C001C8B67 /* Errors.swift */,
				B520D1FE2343A95100D8FD67 /* SRUtilities.swift */,
				B525B5812344BAB0001C8B67 /* UIView_designable.swift */,
			);
			path = Utilities;
			sourceTree = "<group>";
		};
		B520D1EB2343A4CC00D8FD67 /* Vendors */ = {
			isa = PBXGroup;
			children = (
				B578EDE6236E13F700BAF902 /* Loaf */,
				B50A088F235500E6005F0B4B /* DictionaryDecoder */,
				B563193E234CC9E0004CA98C /* SVPinView */,
				B51D6F5B234A38EE0019F874 /* KeyboardExtension.swift */,
				B57092D8235E211500FA5BEC /* CustomAlertView.swift */,
				B57092D9235E211500FA5BEC /* CustomAlertViewDelegate.swift */,
				B562A5862351E95B009B4002 /* LCBannerView.h */,
				B562A5852351E95B009B4002 /* LCBannerView.m */,
				B57092E0235E220800FA5BEC /* UIButton+Border.swift */,
				B562A5842351E95A009B4002 /* FandomLive-Bridging-Header.h */,
				B5F869D02358F82200DE2164 /* Toast.swift */,
			);
			path = Vendors;
			sourceTree = "<group>";
		};
		B520D1EC2343A4D700D8FD67 /* Shared */ = {
			isa = PBXGroup;
			children = (
				B520D1FC2343A94000D8FD67 /* SRGlobalShared.swift */,
			);
			path = Shared;
			sourceTree = "<group>";
		};
		B520D1ED2343A4E500D8FD67 /* Managers */ = {
			isa = PBXGroup;
			children = (
				B520D1FA2343A92B00D8FD67 /* SRDataManager.swift */,
				B525B57B2344B938001C8B67 /* AppAppearance.swift */,
				B525B56A2344959D001C8B67 /* SRNetworkManager.swift */,
				B5180210235797890029E6C1 /* RepositoryManager.swift */,
				B522C819235C880B008157B2 /* FabdomEventTimer.swift */,
			);
			path = Managers;
			sourceTree = "<group>";
		};
		B520D1EE2343A4F000D8FD67 /* ApplicationStates */ = {
			isa = PBXGroup;
			children = (
				B520D1F82343A90B00D8FD67 /* SRApplicationStates.swift */,
			);
			path = ApplicationStates;
			sourceTree = "<group>";
		};
		B520D1EF2343A4FD00D8FD67 /* Models */ = {
			isa = PBXGroup;
			children = (
				B56ECF2D235AF7BE00162C85 /* SRDashboadModel.swift */,
				B520D20A2343DE6300D8FD67 /* User.swift */,
				B56ECF2B235AE4B100162C85 /* FLDashBoardModel.swift */,
				B5A5E4F8236219DB002AFD15 /* FLCampaignModels.swift */,
				B5120EA6236DB3E2009A532F /* FLMyVotingModel.swift */,
				B5120EA8236DC8E7009A532F /* FLMyFavoritesModel.swift */,
				B56F038B2371E8DC00811A48 /* FLSearchResults.swift */,
			);
			path = Models;
			sourceTree = "<group>";
		};
		B520D1F02343A52600D8FD67 /* ViewControllers */ = {
			isa = PBXGroup;
			children = (
				B520D1F32343A88C00D8FD67 /* HomeScreenViewControllers */,
				B520D1F22343A53C00D8FD67 /* SignupViewControllers */,
			);
			path = ViewControllers;
			sourceTree = "<group>";
		};
		B520D1F12343A53400D8FD67 /* Views */ = {
			isa = PBXGroup;
			children = (
				B53A3E8D234E54E500F27102 /* DashBoardViewCells */,
				B58601EB23491FA40031CA81 /* SRSignTableViewCell.swift */,
			);
			path = Views;
			sourceTree = "<group>";
		};
		B520D1F22343A53C00D8FD67 /* SignupViewControllers */ = {
			isa = PBXGroup;
			children = (
				B5C61EEE234BC06900882FC1 /* SROtpViewController */,
				B58601D0234887B80031CA81 /* SRLoginViewController.swift */,
				B58601D2234887DE0031CA81 /* SRMobileViewController.swift */,
				B58601D6234888140031CA81 /* SRRegistrationViewController.swift */,
				B58601D82348882B0031CA81 /* SRForgotViewController.swift */,
				B58601E52348FCB70031CA81 /* SRWelcomeViewController.swift */,
				B51D6F4A234A0CDF0019F874 /* KnockKnockViewController.swift */,
			);
			path = SignupViewControllers;
			sourceTree = "<group>";
		};
		B520D1F32343A88C00D8FD67 /* HomeScreenViewControllers */ = {
			isa = PBXGroup;
			children = (
				B56F038D2371EAC500811A48 /* SearchResultsViewController */,
				B57277D5235656AB004080D6 /* ForumsViewController */,
				B51D6F4C234A13800019F874 /* DashboardViewController */,
				B51D6F50234A16820019F874 /* CampaignsViewController */,
				B51D6F56234A19450019F874 /* MyAccountViewController */,
				B51D6F4D234A13B00019F874 /* LaunchpadViewController */,
				B51D6F48234A07670019F874 /* SRTabBarController.swift */,
				B573242F2345135E0081204B /* SRBaseViewController.swift */,
			);
			path = HomeScreenViewControllers;
			sourceTree = "<group>";
		};
		B520D2002343B48A00D8FD67 /* AppProtocols */ = {
			isa = PBXGroup;
			children = (
				B520D2012343B4AD00D8FD67 /* Approtocols.swift */,
			);
			path = AppProtocols;
			sourceTree = "<group>";
		};
		B520D20E2343E43E00D8FD67 /* LoginProviders */ = {
			isa = PBXGroup;
			children = (
				B520D20F2343E45E00D8FD67 /* FacebookProvider.swift */,
				B520D2102343E45E00D8FD67 /* GoogleProvider.swift */,
				B520D2132343E8F700D8FD67 /* EmailLoginProvider.swift */,
				B520D2152343E99900D8FD67 /* SRLoginProvider.swift */,
			);
			path = LoginProviders;
			sourceTree = "<group>";
		};
		B525B5872344C60C001C8B67 /* Validation */ = {
			isa = PBXGroup;
			children = (
				B525B5882344C60C001C8B67 /* Validators.swift */,
			);
			path = Validation;
			sourceTree = "<group>";
		};
		B53A3E8D234E54E500F27102 /* DashBoardViewCells */ = {
			isa = PBXGroup;
			children = (
				B532A68D237350C400CC1D02 /* TeamsCollectionViewCell.swift */,
				B532A68B237350A800CC1D02 /* TeamsCollectionViewCell.xib */,
				B532A68223733FC000CC1D02 /* ArtistCollectionViewCell.swift */,
				B532A67F23733FC000CC1D02 /* ArtistCollectionViewCell.xib */,
				B53A3E8F234E551700F27102 /* BannersTableViewCell.xib */,
				B53A3E8E234E551700F27102 /* BannersTableViewCell.swift */,
				B53A3E92234E553200F27102 /* TrendingEventsTableViewCell.swift */,
				B53A3E93234E553200F27102 /* TrendingEventsTableViewCell.xib */,
				B53A3E96234E554600F27102 /* LatestNewsTableViewCell.swift */,
				B53A3E97234E554600F27102 /* LatestNewsTableViewCell.xib */,
				B5612319235094AD00C4C116 /* SREventSectionHeader.xib */,
				B56123172350949800C4C116 /* SREventSectionHeader.swift */,
				B562A5882352519B009B4002 /* TrandingCollectionViewCell.swift */,
				B562A5892352519B009B4002 /* TrandingCollectionViewCell.xib */,
				B55EEBAB236D73E500F8B38D /* FollowersView.swift */,
				B55EEBAD236D73EE00F8B38D /* FollowersView.xib */,
				B5120EA0236D8C22009A532F /* FollowedCollectionViewCell.swift */,
				B5120EA1236D8C22009A532F /* FollowedCollectionViewCell.xib */,
				B578EDE3236DEC1300BAF902 /* PickerTableViewCell.swift */,
			);
			path = DashBoardViewCells;
			sourceTree = "<group>";
		};
		B5524135235F78FA00329C51 /* MyCampaignsViewControllers */ = {
			isa = PBXGroup;
			children = (
				B5B2CF0D2375BB5200E20A90 /* MyRewardViewController.swift */,
				B5524136235F7DE300329C51 /* MyVotingViewController.swift */,
				B552413A235F7E2500329C51 /* MyLaunchpadViewController.swift */,
				B552413C235F7E3800329C51 /* MyFavoritesViewController.swift */,
				B5524140235F839700329C51 /* MyCampaignsHomeController.swift */,
			);
			path = MyCampaignsViewControllers;
			sourceTree = "<group>";
		};
		B563193E234CC9E0004CA98C /* SVPinView */ = {
			isa = PBXGroup;
			children = (
				B563193F234CC9E0004CA98C /* Classes */,
				B5631942234CC9E0004CA98C /* XIB's */,
			);
			path = SVPinView;
			sourceTree = "<group>";
		};
		B563193F234CC9E0004CA98C /* Classes */ = {
			isa = PBXGroup;
			children = (
				B5631940234CC9E0004CA98C /* SVPinView.swift */,
				B5631941234CC9E0004CA98C /* SVPinField.swift */,
			);
			path = Classes;
			sourceTree = "<group>";
		};
		B5631942234CC9E0004CA98C /* XIB's */ = {
			isa = PBXGroup;
			children = (
				B5631943234CC9E0004CA98C /* SVPinView.xib */,
				B5631944234CC9E0004CA98C /* SVPinCell.xib */,
			);
			path = "XIB's";
			sourceTree = "<group>";
		};
		B56F038D2371EAC500811A48 /* SearchResultsViewController */ = {
			isa = PBXGroup;
			children = (
				B56F038E2371EAEA00811A48 /* SearchResultsViewController.swift */,
				B532A68F2373564500CC1D02 /* SearchHeaderReusableView.swift */,
				B532A6902373564500CC1D02 /* SearchHeaderReusableView.xib */,
			);
			path = SearchResultsViewController;
			sourceTree = "<group>";
		};
		B57277D5235656AB004080D6 /* ForumsViewController */ = {
			isa = PBXGroup;
			children = (
				B57277D9235656E6004080D6 /* ForumsViewController.swift */,
			);
			path = ForumsViewController;
			sourceTree = "<group>";
		};
		B578EDE6236E13F700BAF902 /* Loaf */ = {
			isa = PBXGroup;
			children = (
				B578EDE7236E13F700BAF902 /* Presenter */,
				B578EDEB236E13F700BAF902 /* Extensions.swift */,
				B578EDEC236E13F700BAF902 /* Icons.swift */,
				B578EDED236E13F700BAF902 /* Loaf.swift */,
			);
			path = Loaf;
			sourceTree = "<group>";
		};
		B578EDE7236E13F700BAF902 /* Presenter */ = {
			isa = PBXGroup;
			children = (
				B578EDE8236E13F700BAF902 /* Manager.swift */,
				B578EDE9236E13F700BAF902 /* Controller.swift */,
				B578EDEA236E13F700BAF902 /* Animator.swift */,
			);
			path = Presenter;
			sourceTree = "<group>";
		};
		B58601CF234887580031CA81 /* Storyboards */ = {
			isa = PBXGroup;
			children = (
				B5524144235F87CF00329C51 /* Sharedboard.storyboard */,
				B5524142235F87CE00329C51 /* Signup.storyboard */,
				B520D1DB2343A45F00D8FD67 /* Main.storyboard */,
			);
			path = Storyboards;
			sourceTree = "<group>";
		};
		B58601E0234892ED0031CA81 /* AppCoordinators */ = {
			isa = PBXGroup;
			children = (
				B58601E12348932E0031CA81 /* AppCoordinator.swift */,
			);
			path = AppCoordinators;
			sourceTree = "<group>";
		};
		B58601ED234925B50031CA81 /* CustomFont */ = {
			isa = PBXGroup;
			children = (
				B58601EE234925B50031CA81 /* Roboto-Medium.ttf */,
				B58601EF234925B50031CA81 /* Roboto-Regular.ttf */,
				B58601F0234925B50031CA81 /* RobotoSlab-Bold.ttf */,
				B58601F1234925B50031CA81 /* Roboto-Bold.ttf */,
				B58601F2234925B50031CA81 /* RobotoSlab-Regular.ttf */,
			);
			path = CustomFont;
			sourceTree = "<group>";
		};
		B5C61EEE234BC06900882FC1 /* SROtpViewController */ = {
			isa = PBXGroup;
			children = (
				B5C61EEF234BC09500882FC1 /* SROTPViewController.swift */,
				B5C61EF1234BC0BA00882FC1 /* SROTPVarificationViewController.swift */,
			);
			path = SROtpViewController;
			sourceTree = "<group>";
		};
		E0432C28198478215EBC7C16 /* Pods */ = {
			isa = PBXGroup;
			children = (
				F375EE956A5DD1A00381F54B /* Pods-FandomLive.debug.xcconfig */,
				9ED010A3775485D1A6C3CC85 /* Pods-FandomLive.release.xcconfig */,
			);
			path = Pods;
			sourceTree = "<group>";
		};
		EF08FF8058D1A1FC22227E76 /* Frameworks */ = {
			isa = PBXGroup;
			children = (
				AF253BAEABA7A99A0D3692F1 /* Pods_FandomLive.framework */,
			);
			name = Frameworks;
			sourceTree = "<group>";
		};
/* End PBXGroup section */

/* Begin PBXNativeTarget section */
		B520D1D12343A45F00D8FD67 /* FandomLive */ = {
			isa = PBXNativeTarget;
			buildConfigurationList = B520D1E62343A46000D8FD67 /* Build configuration list for PBXNativeTarget "FandomLive" */;
			buildPhases = (
				70827232A192566919B75891 /* [CP] Check Pods Manifest.lock */,
				B520D1CE2343A45F00D8FD67 /* Sources */,
				B520D1CF2343A45F00D8FD67 /* Frameworks */,
				B520D1D02343A45F00D8FD67 /* Resources */,
				896102C079FC3D730BCB2400 /* [CP] Copy Pods Resources */,
				6AA9943A0BDA2E7A5A0A4628 /* [CP] Embed Pods Frameworks */,
			);
			buildRules = (
			);
			dependencies = (
			);
			name = FandomLive;
			productName = FandomLive;
			productReference = B520D1D22343A45F00D8FD67 /* BookMyStar.app */;
			productType = "com.apple.product-type.application";
		};
/* End PBXNativeTarget section */

/* Begin PBXProject section */
		B520D1CA2343A45F00D8FD67 /* Project object */ = {
			isa = PBXProject;
			attributes = {
				LastSwiftUpdateCheck = 1100;
				LastUpgradeCheck = 1100;
				ORGANIZATIONNAME = "Sanjay Singh Rathor";
				TargetAttributes = {
					B520D1D12343A45F00D8FD67 = {
						CreatedOnToolsVersion = 11.0;
						LastSwiftMigration = 1110;
					};
				};
			};
			buildConfigurationList = B520D1CD2343A45F00D8FD67 /* Build configuration list for PBXProject "FandomLive" */;
			compatibilityVersion = "Xcode 9.3";
			developmentRegion = en;
			hasScannedForEncodings = 0;
			knownRegions = (
				en,
				Base,
			);
			mainGroup = B520D1C92343A45F00D8FD67;
			productRefGroup = B520D1D32343A45F00D8FD67 /* Products */;
			projectDirPath = "";
			projectRoot = "";
			targets = (
				B520D1D12343A45F00D8FD67 /* FandomLive */,
			);
		};
/* End PBXProject section */

/* Begin PBXResourcesBuildPhase section */
		B520D1D02343A45F00D8FD67 /* Resources */ = {
			isa = PBXResourcesBuildPhase;
			buildActionMask = 2147483647;
			files = (
				B532A68323733FC000CC1D02 /* ArtistCollectionViewCell.xib in Resources */,
				B520D1E22343A46000D8FD67 /* LaunchScreen.storyboard in Resources */,
				B58601F4234925B50031CA81 /* Roboto-Regular.ttf in Resources */,
				B5631947234CC9E0004CA98C /* SVPinView.xib in Resources */,
				B51EBC6D23464E3600B8015A /* GoogleService-Info.plist in Resources */,
				B53A3E91234E551700F27102 /* BannersTableViewCell.xib in Resources */,
				B532A6922373564500CC1D02 /* SearchHeaderReusableView.xib in Resources */,
				B53A3E95234E553200F27102 /* TrendingEventsTableViewCell.xib in Resources */,
				B5120EA3236D8C23009A532F /* FollowedCollectionViewCell.xib in Resources */,
				B58601F3234925B50031CA81 /* Roboto-Medium.ttf in Resources */,
				B58601F5234925B50031CA81 /* RobotoSlab-Bold.ttf in Resources */,
				B5524147235F87CF00329C51 /* Sharedboard.storyboard in Resources */,
				B5631948234CC9E0004CA98C /* SVPinCell.xib in Resources */,
				B58601F6234925B50031CA81 /* Roboto-Bold.ttf in Resources */,
				B532A68C237350A800CC1D02 /* TeamsCollectionViewCell.xib in Resources */,
				B562A58B2352519B009B4002 /* TrandingCollectionViewCell.xib in Resources */,
				B5524146235F87CF00329C51 /* Signup.storyboard in Resources */,
				B58601F7234925B50031CA81 /* RobotoSlab-Regular.ttf in Resources */,
				B520D1DF2343A46000D8FD67 /* Assets.xcassets in Resources */,
				B53A3E99234E554600F27102 /* LatestNewsTableViewCell.xib in Resources */,
				B55EEBAE236D73EE00F8B38D /* FollowersView.xib in Resources */,
				B520D1DD2343A45F00D8FD67 /* Main.storyboard in Resources */,
				B561231A235094AD00C4C116 /* SREventSectionHeader.xib in Resources */,
			);
			runOnlyForDeploymentPostprocessing = 0;
		};
/* End PBXResourcesBuildPhase section */

/* Begin PBXShellScriptBuildPhase section */
		6AA9943A0BDA2E7A5A0A4628 /* [CP] Embed Pods Frameworks */ = {
			isa = PBXShellScriptBuildPhase;
			buildActionMask = 2147483647;
			files = (
			);
			inputFileListPaths = (
				"${PODS_ROOT}/Target Support Files/Pods-FandomLive/Pods-FandomLive-frameworks-${CONFIGURATION}-input-files.xcfilelist",
			);
			name = "[CP] Embed Pods Frameworks";
			outputFileListPaths = (
				"${PODS_ROOT}/Target Support Files/Pods-FandomLive/Pods-FandomLive-frameworks-${CONFIGURATION}-output-files.xcfilelist",
			);
			runOnlyForDeploymentPostprocessing = 0;
			shellPath = /bin/sh;
			shellScript = "\"${PODS_ROOT}/Target Support Files/Pods-FandomLive/Pods-FandomLive-frameworks.sh\"\n";
			showEnvVarsInLog = 0;
		};
		70827232A192566919B75891 /* [CP] Check Pods Manifest.lock */ = {
			isa = PBXShellScriptBuildPhase;
			buildActionMask = 2147483647;
			files = (
			);
			inputFileListPaths = (
			);
			inputPaths = (
				"${PODS_PODFILE_DIR_PATH}/Podfile.lock",
				"${PODS_ROOT}/Manifest.lock",
			);
			name = "[CP] Check Pods Manifest.lock";
			outputFileListPaths = (
			);
			outputPaths = (
				"$(DERIVED_FILE_DIR)/Pods-FandomLive-checkManifestLockResult.txt",
			);
			runOnlyForDeploymentPostprocessing = 0;
			shellPath = /bin/sh;
			shellScript = "diff \"${PODS_PODFILE_DIR_PATH}/Podfile.lock\" \"${PODS_ROOT}/Manifest.lock\" > /dev/null\nif [ $? != 0 ] ; then\n    # print error to STDERR\n    echo \"error: The sandbox is not in sync with the Podfile.lock. Run 'pod install' or update your CocoaPods installation.\" >&2\n    exit 1\nfi\n# This output is used by Xcode 'outputs' to avoid re-running this script phase.\necho \"SUCCESS\" > \"${SCRIPT_OUTPUT_FILE_0}\"\n";
			showEnvVarsInLog = 0;
		};
		896102C079FC3D730BCB2400 /* [CP] Copy Pods Resources */ = {
			isa = PBXShellScriptBuildPhase;
			buildActionMask = 2147483647;
			files = (
			);
			inputFileListPaths = (
				"${PODS_ROOT}/Target Support Files/Pods-FandomLive/Pods-FandomLive-resources-${CONFIGURATION}-input-files.xcfilelist",
			);
			name = "[CP] Copy Pods Resources";
			outputFileListPaths = (
				"${PODS_ROOT}/Target Support Files/Pods-FandomLive/Pods-FandomLive-resources-${CONFIGURATION}-output-files.xcfilelist",
			);
			runOnlyForDeploymentPostprocessing = 0;
			shellPath = /bin/sh;
			shellScript = "\"${PODS_ROOT}/Target Support Files/Pods-FandomLive/Pods-FandomLive-resources.sh\"\n";
			showEnvVarsInLog = 0;
		};
/* End PBXShellScriptBuildPhase section */

/* Begin PBXSourcesBuildPhase section */
		B520D1CE2343A45F00D8FD67 /* Sources */ = {
			isa = PBXSourcesBuildPhase;
			buildActionMask = 2147483647;
			files = (
				B57277DA235656E6004080D6 /* ForumsViewController.swift in Sources */,
				B56F038F2371EAEA00811A48 /* SearchResultsViewController.swift in Sources */,
				B51D6F52234A16A00019F874 /* CampaignsViewController.swift in Sources */,
				B520D2162343E99900D8FD67 /* SRLoginProvider.swift in Sources */,
				B51D6F5A234A35DD0019F874 /* UINavigationBar+Transparent.swift in Sources */,
				B51D6F5C234A38EF0019F874 /* KeyboardExtension.swift in Sources */,
				B5631945234CC9E0004CA98C /* SVPinView.swift in Sources */,
				B525B5822344BAB0001C8B67 /* UIView_designable.swift in Sources */,
				B50A0898235500E6005F0B4B /* DictionaryEncoder.swift in Sources */,
				B50A0895235500E6005F0B4B /* DictionaryDecoder.swift in Sources */,
				B53A3EA1234E680400F27102 /* UITableView.swift in Sources */,
				B51D6F4F234A13D50019F874 /* SRLaunchpadViewController.swift in Sources */,
				B5F869D12358F82200DE2164 /* Toast.swift in Sources */,
				B525B57C2344B938001C8B67 /* AppAppearance.swift in Sources */,
				B520D2112343E45E00D8FD67 /* FacebookProvider.swift in Sources */,
				B5B2CF0E2375BB5200E20A90 /* MyRewardViewController.swift in Sources */,
				B58601D3234887DE0031CA81 /* SRMobileViewController.swift in Sources */,
				B578EDF0236E13F700BAF902 /* Animator.swift in Sources */,
				B578EDEF236E13F700BAF902 /* Controller.swift in Sources */,
				B520D1FD2343A94000D8FD67 /* SRGlobalShared.swift in Sources */,
				B520D2122343E45E00D8FD67 /* GoogleProvider.swift in Sources */,
				B520D2022343B4AD00D8FD67 /* Approtocols.swift in Sources */,
				B5A5E4F9236219DB002AFD15 /* FLCampaignModels.swift in Sources */,
				B578EDEE236E13F700BAF902 /* Manager.swift in Sources */,
				B58601E62348FCB70031CA81 /* SRWelcomeViewController.swift in Sources */,
				B5120EA7236DB3E2009A532F /* FLMyVotingModel.swift in Sources */,
				B525B5862344BF37001C8B67 /* UIViewHelper.swift in Sources */,
				B58601D92348882B0031CA81 /* SRForgotViewController.swift in Sources */,
				B56123182350949800C4C116 /* SREventSectionHeader.swift in Sources */,
				B573242E234504D90081204B /* SceneDelegate.swift in Sources */,
				B520D1FF2343A95100D8FD67 /* SRUtilities.swift in Sources */,
				B552413D235F7E3800329C51 /* MyFavoritesViewController.swift in Sources */,
				B5631946234CC9E0004CA98C /* SVPinField.swift in Sources */,
				B562A58A2352519B009B4002 /* TrandingCollectionViewCell.swift in Sources */,
				B532A68E237350C400CC1D02 /* TeamsCollectionViewCell.swift in Sources */,
				B520D1FB2343A92B00D8FD67 /* SRDataManager.swift in Sources */,
				B5C61EF2234BC0BA00882FC1 /* SROTPVarificationViewController.swift in Sources */,
				B56ECF2E235AF7BE00162C85 /* SRDashboadModel.swift in Sources */,
				B56ECF2C235AE4B100162C85 /* FLDashBoardModel.swift in Sources */,
				B50A0897235500E6005F0B4B /* NSUbiquitousKeyValueStore+Codable.swift in Sources */,
				B520D20B2343DE6300D8FD67 /* User.swift in Sources */,
				B58601E8234911A10031CA81 /* UIStoryboard+Storyboards.swift in Sources */,
				B58601EC23491FA40031CA81 /* SRSignTableViewCell.swift in Sources */,
				B578EDF2236E13F700BAF902 /* Icons.swift in Sources */,
				B525B5842344BAC1001C8B67 /* UIViewController+Additions.swift in Sources */,
				B57092E1235E220900FA5BEC /* UIButton+Border.swift in Sources */,
				B525B5802344BA9F001C8B67 /* UIRelevance.swift in Sources */,
				B525B5762344B56F001C8B67 /* Bundle.swift in Sources */,
				B525B56B2344959D001C8B67 /* SRNetworkManager.swift in Sources */,
				B525B57E2344B98C001C8B67 /* Errors.swift in Sources */,
				B56F038C2371E8DC00811A48 /* FLSearchResults.swift in Sources */,
				B5120EA2236D8C23009A532F /* FollowedCollectionViewCell.swift in Sources */,
				B520D1F72343A8E900D8FD67 /* DashboardViewController.swift in Sources */,
				B58601F923492B9D0031CA81 /* CommonExtensions.swift in Sources */,
				B51D6F4B234A0CDF0019F874 /* KnockKnockViewController.swift in Sources */,
				B520D2142343E8F700D8FD67 /* EmailLoginProvider.swift in Sources */,
				B5ABDDD92360C9F700A3FF54 /* MakeCampaignViewController.swift in Sources */,
				B578EDE4236DEC1300BAF902 /* PickerTableViewCell.swift in Sources */,
				B58601E22348932E0031CA81 /* AppCoordinator.swift in Sources */,
				B578EDF3236E13F700BAF902 /* Loaf.swift in Sources */,
				B5C61EF0234BC09500882FC1 /* SROTPViewController.swift in Sources */,
				B58601D1234887B80031CA81 /* SRLoginViewController.swift in Sources */,
				B51D6F49234A07670019F874 /* SRTabBarController.swift in Sources */,
				B50A0896235500E6005F0B4B /* UserDefaults+Codable.swift in Sources */,
				B5524137235F7DE300329C51 /* MyVotingViewController.swift in Sources */,
				B532A68623733FC000CC1D02 /* ArtistCollectionViewCell.swift in Sources */,
				B57324302345135E0081204B /* SRBaseViewController.swift in Sources */,
				B57092DB235E211500FA5BEC /* CustomAlertViewDelegate.swift in Sources */,
				B562A5872351E95B009B4002 /* LCBannerView.m in Sources */,
				B520D1F92343A90B00D8FD67 /* SRApplicationStates.swift in Sources */,
				B51D6F58234A1A140019F874 /* MyAccountViewController.swift in Sources */,
				B578EDF1236E13F700BAF902 /* Extensions.swift in Sources */,
				B5120EA9236DC8E7009A532F /* FLMyFavoritesModel.swift in Sources */,
				B5180211235797890029E6C1 /* RepositoryManager.swift in Sources */,
				B55EEBAC236D73E500F8B38D /* FollowersView.swift in Sources */,
				B58601D7234888140031CA81 /* SRRegistrationViewController.swift in Sources */,
				B525B5892344C60C001C8B67 /* Validators.swift in Sources */,
				B5ABDDDB2360D9BE00A3FF54 /* TeamsViewController.swift in Sources */,
				B58601E423489F4F0031CA81 /* UITextField+Extensions.swift in Sources */,
				B520D1D62343A45F00D8FD67 /* AppDelegate.swift in Sources */,
				B532A6912373564500CC1D02 /* SearchHeaderReusableView.swift in Sources */,
				B53A3E98234E554600F27102 /* LatestNewsTableViewCell.swift in Sources */,
				B57277DC235657C7004080D6 /* VotingsViewController.swift in Sources */,
				B522C81A235C880B008157B2 /* FabdomEventTimer.swift in Sources */,
				B53A3E90234E551700F27102 /* BannersTableViewCell.swift in Sources */,
				B57092DA235E211500FA5BEC /* CustomAlertView.swift in Sources */,
				B5524141235F839700329C51 /* MyCampaignsHomeController.swift in Sources */,
				B53A3E94234E553200F27102 /* TrendingEventsTableViewCell.swift in Sources */,
				B552413B235F7E2500329C51 /* MyLaunchpadViewController.swift in Sources */,
			);
			runOnlyForDeploymentPostprocessing = 0;
		};
/* End PBXSourcesBuildPhase section */

/* Begin PBXVariantGroup section */
		B520D1DB2343A45F00D8FD67 /* Main.storyboard */ = {
			isa = PBXVariantGroup;
			children = (
				B520D1DC2343A45F00D8FD67 /* Base */,
			);
			name = Main.storyboard;
			sourceTree = "<group>";
		};
		B520D1E02343A46000D8FD67 /* LaunchScreen.storyboard */ = {
			isa = PBXVariantGroup;
			children = (
				B520D1E12343A46000D8FD67 /* Base */,
			);
			name = LaunchScreen.storyboard;
			sourceTree = "<group>";
		};
		B5524142235F87CE00329C51 /* Signup.storyboard */ = {
			isa = PBXVariantGroup;
			children = (
				B5524143235F87CE00329C51 /* Base */,
			);
			name = Signup.storyboard;
			sourceTree = "<group>";
		};
		B5524144235F87CF00329C51 /* Sharedboard.storyboard */ = {
			isa = PBXVariantGroup;
			children = (
				B5524145235F87CF00329C51 /* Base */,
			);
			name = Sharedboard.storyboard;
			sourceTree = "<group>";
		};
/* End PBXVariantGroup section */

/* Begin XCBuildConfiguration section */
		B520D1E42343A46000D8FD67 /* Debug */ = {
			isa = XCBuildConfiguration;
			buildSettings = {
				ALWAYS_SEARCH_USER_PATHS = NO;
				CLANG_ANALYZER_NONNULL = YES;
				CLANG_ANALYZER_NUMBER_OBJECT_CONVERSION = YES_AGGRESSIVE;
				CLANG_CXX_LANGUAGE_STANDARD = "gnu++14";
				CLANG_CXX_LIBRARY = "libc++";
				CLANG_ENABLE_MODULES = YES;
				CLANG_ENABLE_OBJC_ARC = YES;
				CLANG_ENABLE_OBJC_WEAK = YES;
				CLANG_WARN_BLOCK_CAPTURE_AUTORELEASING = YES;
				CLANG_WARN_BOOL_CONVERSION = YES;
				CLANG_WARN_COMMA = YES;
				CLANG_WARN_CONSTANT_CONVERSION = YES;
				CLANG_WARN_DEPRECATED_OBJC_IMPLEMENTATIONS = YES;
				CLANG_WARN_DIRECT_OBJC_ISA_USAGE = YES_ERROR;
				CLANG_WARN_DOCUMENTATION_COMMENTS = YES;
				CLANG_WARN_EMPTY_BODY = YES;
				CLANG_WARN_ENUM_CONVERSION = YES;
				CLANG_WARN_INFINITE_RECURSION = YES;
				CLANG_WARN_INT_CONVERSION = YES;
				CLANG_WARN_NON_LITERAL_NULL_CONVERSION = YES;
				CLANG_WARN_OBJC_IMPLICIT_RETAIN_SELF = YES;
				CLANG_WARN_OBJC_LITERAL_CONVERSION = YES;
				CLANG_WARN_OBJC_ROOT_CLASS = YES_ERROR;
				CLANG_WARN_RANGE_LOOP_ANALYSIS = YES;
				CLANG_WARN_STRICT_PROTOTYPES = YES;
				CLANG_WARN_SUSPICIOUS_MOVE = YES;
				CLANG_WARN_UNGUARDED_AVAILABILITY = YES_AGGRESSIVE;
				CLANG_WARN_UNREACHABLE_CODE = YES;
				CLANG_WARN__DUPLICATE_METHOD_MATCH = YES;
				COPY_PHASE_STRIP = NO;
				DEBUG_INFORMATION_FORMAT = dwarf;
				ENABLE_STRICT_OBJC_MSGSEND = YES;
				ENABLE_TESTABILITY = YES;
				GCC_C_LANGUAGE_STANDARD = gnu11;
				GCC_DYNAMIC_NO_PIC = NO;
				GCC_NO_COMMON_BLOCKS = YES;
				GCC_OPTIMIZATION_LEVEL = 0;
				GCC_PREPROCESSOR_DEFINITIONS = (
					"DEBUG=1",
					"$(inherited)",
				);
				GCC_WARN_64_TO_32_BIT_CONVERSION = YES;
				GCC_WARN_ABOUT_RETURN_TYPE = YES_ERROR;
				GCC_WARN_UNDECLARED_SELECTOR = YES;
				GCC_WARN_UNINITIALIZED_AUTOS = YES_AGGRESSIVE;
				GCC_WARN_UNUSED_FUNCTION = YES;
				GCC_WARN_UNUSED_VARIABLE = YES;
				IPHONEOS_DEPLOYMENT_TARGET = 10.0;
				MTL_ENABLE_DEBUG_INFO = INCLUDE_SOURCE;
				MTL_FAST_MATH = YES;
				ONLY_ACTIVE_ARCH = YES;
				SDKROOT = iphoneos;
				SWIFT_ACTIVE_COMPILATION_CONDITIONS = DEBUG;
				SWIFT_OPTIMIZATION_LEVEL = "-Onone";
			};
			name = Debug;
		};
		B520D1E52343A46000D8FD67 /* Release */ = {
			isa = XCBuildConfiguration;
			buildSettings = {
				ALWAYS_SEARCH_USER_PATHS = NO;
				CLANG_ANALYZER_NONNULL = YES;
				CLANG_ANALYZER_NUMBER_OBJECT_CONVERSION = YES_AGGRESSIVE;
				CLANG_CXX_LANGUAGE_STANDARD = "gnu++14";
				CLANG_CXX_LIBRARY = "libc++";
				CLANG_ENABLE_MODULES = YES;
				CLANG_ENABLE_OBJC_ARC = YES;
				CLANG_ENABLE_OBJC_WEAK = YES;
				CLANG_WARN_BLOCK_CAPTURE_AUTORELEASING = YES;
				CLANG_WARN_BOOL_CONVERSION = YES;
				CLANG_WARN_COMMA = YES;
				CLANG_WARN_CONSTANT_CONVERSION = YES;
				CLANG_WARN_DEPRECATED_OBJC_IMPLEMENTATIONS = YES;
				CLANG_WARN_DIRECT_OBJC_ISA_USAGE = YES_ERROR;
				CLANG_WARN_DOCUMENTATION_COMMENTS = YES;
				CLANG_WARN_EMPTY_BODY = YES;
				CLANG_WARN_ENUM_CONVERSION = YES;
				CLANG_WARN_INFINITE_RECURSION = YES;
				CLANG_WARN_INT_CONVERSION = YES;
				CLANG_WARN_NON_LITERAL_NULL_CONVERSION = YES;
				CLANG_WARN_OBJC_IMPLICIT_RETAIN_SELF = YES;
				CLANG_WARN_OBJC_LITERAL_CONVERSION = YES;
				CLANG_WARN_OBJC_ROOT_CLASS = YES_ERROR;
				CLANG_WARN_RANGE_LOOP_ANALYSIS = YES;
				CLANG_WARN_STRICT_PROTOTYPES = YES;
				CLANG_WARN_SUSPICIOUS_MOVE = YES;
				CLANG_WARN_UNGUARDED_AVAILABILITY = YES_AGGRESSIVE;
				CLANG_WARN_UNREACHABLE_CODE = YES;
				CLANG_WARN__DUPLICATE_METHOD_MATCH = YES;
				COPY_PHASE_STRIP = NO;
				DEBUG_INFORMATION_FORMAT = "dwarf-with-dsym";
				ENABLE_NS_ASSERTIONS = NO;
				ENABLE_STRICT_OBJC_MSGSEND = YES;
				GCC_C_LANGUAGE_STANDARD = gnu11;
				GCC_NO_COMMON_BLOCKS = YES;
				GCC_WARN_64_TO_32_BIT_CONVERSION = YES;
				GCC_WARN_ABOUT_RETURN_TYPE = YES_ERROR;
				GCC_WARN_UNDECLARED_SELECTOR = YES;
				GCC_WARN_UNINITIALIZED_AUTOS = YES_AGGRESSIVE;
				GCC_WARN_UNUSED_FUNCTION = YES;
				GCC_WARN_UNUSED_VARIABLE = YES;
				IPHONEOS_DEPLOYMENT_TARGET = 10.0;
				MTL_ENABLE_DEBUG_INFO = NO;
				MTL_FAST_MATH = YES;
				SDKROOT = iphoneos;
				SWIFT_COMPILATION_MODE = wholemodule;
				SWIFT_OPTIMIZATION_LEVEL = "-O";
				VALIDATE_PRODUCT = YES;
			};
			name = Release;
		};
		B520D1E72343A46000D8FD67 /* Debug */ = {
			isa = XCBuildConfiguration;
			baseConfigurationReference = F375EE956A5DD1A00381F54B /* Pods-FandomLive.debug.xcconfig */;
			buildSettings = {
				ASSETCATALOG_COMPILER_APPICON_NAME = AppIcon;
				CLANG_ENABLE_MODULES = YES;
				CODE_SIGN_STYLE = Automatic;
				DEFINES_MODULE = YES;
				DEVELOPMENT_TEAM = Q674AF8YNW;
				INFOPLIST_FILE = FandomLive/Info.plist;
				LD_RUNPATH_SEARCH_PATHS = (
					"$(inherited)",
					"@executable_path/Frameworks",
				);
				PRODUCT_BUNDLE_IDENTIFIER = com.fourbrick.bookmystar;
				PRODUCT_NAME = BookMyStar;
				SWIFT_OBJC_BRIDGING_HEADER = "FandomLive/Vendors/FandomLive-Bridging-Header.h";
				SWIFT_OPTIMIZATION_LEVEL = "-Onone";
				SWIFT_VERSION = 5.0;
				TARGETED_DEVICE_FAMILY = 1;
			};
			name = Debug;
		};
		B520D1E82343A46000D8FD67 /* Release */ = {
			isa = XCBuildConfiguration;
			baseConfigurationReference = 9ED010A3775485D1A6C3CC85 /* Pods-FandomLive.release.xcconfig */;
			buildSettings = {
				ASSETCATALOG_COMPILER_APPICON_NAME = AppIcon;
				CLANG_ENABLE_MODULES = YES;
				CODE_SIGN_STYLE = Automatic;
				DEFINES_MODULE = YES;
				DEVELOPMENT_TEAM = Q674AF8YNW;
				INFOPLIST_FILE = FandomLive/Info.plist;
				LD_RUNPATH_SEARCH_PATHS = (
					"$(inherited)",
					"@executable_path/Frameworks",
				);
				PRODUCT_BUNDLE_IDENTIFIER = com.fourbrick.bookmystar;
				PRODUCT_NAME = BookMyStar;
				SWIFT_OBJC_BRIDGING_HEADER = "FandomLive/Vendors/FandomLive-Bridging-Header.h";
				SWIFT_VERSION = 5.0;
				TARGETED_DEVICE_FAMILY = 1;
			};
			name = Release;
		};
/* End XCBuildConfiguration section */

/* Begin XCConfigurationList section */
		B520D1CD2343A45F00D8FD67 /* Build configuration list for PBXProject "FandomLive" */ = {
			isa = XCConfigurationList;
			buildConfigurations = (
				B520D1E42343A46000D8FD67 /* Debug */,
				B520D1E52343A46000D8FD67 /* Release */,
			);
			defaultConfigurationIsVisible = 0;
			defaultConfigurationName = Release;
		};
		B520D1E62343A46000D8FD67 /* Build configuration list for PBXNativeTarget "FandomLive" */ = {
			isa = XCConfigurationList;
			buildConfigurations = (
				B520D1E72343A46000D8FD67 /* Debug */,
				B520D1E82343A46000D8FD67 /* Release */,
			);
			defaultConfigurationIsVisible = 0;
			defaultConfigurationName = Release;
		};
/* End XCConfigurationList section */
	};
	rootObject = B520D1CA2343A45F00D8FD67 /* Project object */;
}
